
Microsoft Visual Studio Solution File, Format Version 12.00
# Visual Studio Version 18
VisualStudioVersion = 18.1.11312.151
MinimumVisualStudioVersion = 10.0.40219.1
Project("{2150E333-8FDC-42A3-9474-1A3956D46DE8}") = "Tests", "Tests", "{2F5DE77D-0CF7-4280-B1FE-13C31941B665}"
EndProject
Project("{9A19103F-16F7-4668-BE54-9A1E7A4F7556}") = "ifm.IoTCore", "source\ifm.IoTCore\ifm.IoTCore.csproj", "{679A5E37-2627-467B-BE8D-14B35A095D62}"
EndProject
Project("{9A19103F-16F7-4668-BE54-9A1E7A4F7556}") = "ifm.IoTCore.UnitTests", "tests\ifm.IoTCore.UnitTests\ifm.IoTCore.UnitTests.csproj", "{2DD3C8CA-E988-4BF2-AB38-E0F6A428FEEE}"
EndProject
Project("{FAE04EC0-301F-11D3-BF4B-00C04F79EFBC}") = "ifm.IoTCore.UserManager.Contracts", "source\ifm.IoTCore.UserManager.Contracts\ifm.IoTCore.UserManager.Contracts.csproj", "{8EA9F552-375D-43FB-A94A-EEB3BD8A4A7C}"
EndProject
Project("{FAE04EC0-301F-11D3-BF4B-00C04F79EFBC}") = "ifm.IoTCore.PersistenceManager.Contracts", "source\ifm.IoTCore.PersistenceManager.Contracts\ifm.IoTCore.PersistenceManager.Contracts.csproj", "{62F718A0-E23A-B6E8-05A3-22E8CE7E6B31}"
EndProject
Project("{FAE04EC0-301F-11D3-BF4B-00C04F79EFBC}") = "ifm.IoTCore.EventSender.Contracts", "source\ifm.IoTCore.EventSender.Contracts\ifm.IoTCore.EventSender.Contracts.csproj", "{5354025F-A0C7-46BD-BD74-4F4DE555E391}"
EndProject
Project("{FAE04EC0-301F-11D3-BF4B-00C04F79EFBC}") = "ifm.IoTCore.Common", "source\ifm.IoTCore.Common\ifm.IoTCore.Common.csproj", "{4677AB8C-D160-4CD4-8D8E-CE34C579BDB5}"
EndProject
Project("{FAE04EC0-301F-11D3-BF4B-00C04F79EFBC}") = "ifm.IoTCore.ElementManager.Contracts", "source\ifm.IoTCore.ElementManager.Contracts\ifm.IoTCore.ElementManager.Contracts.csproj", "{89E6F1B3-D738-428D-8063-883043BEFAA9}"
EndProject
Project("{FAE04EC0-301F-11D3-BF4B-00C04F79EFBC}") = "ifm.IoTCore.MessageConverter.Contracts", "source\ifm.IoTCore.MessageConverter.Contracts\ifm.IoTCore.MessageConverter.Contracts.csproj", "{77562E62-4772-4873-AEF5-660048265257}"
EndProject
Project("{FAE04EC0-301F-11D3-BF4B-00C04F79EFBC}") = "ifm.IoTCore.Message", "source\ifm.IoTCore.Message\ifm.IoTCore.Message.csproj", "{E103C0B2-8797-46A3-8674-CE94E616DE1E}"
EndProject
Project("{FAE04EC0-301F-11D3-BF4B-00C04F79EFBC}") = "ifm.IoTCore.MessageDispatcher.Contracts", "source\ifm.IoTCore.MessageDispatcher.Contracts\ifm.IoTCore.MessageDispatcher.Contracts.csproj", "{A914D6DD-2CCE-4570-8471-9B04FE9B69D6}"
EndProject
Project("{FAE04EC0-301F-11D3-BF4B-00C04F79EFBC}") = "ifm.IoTCore.NetAdapter.Contracts", "source\ifm.IoTCore.NetAdapter.Contracts\ifm.IoTCore.NetAdapter.Contracts.csproj", "{F84110C9-9A30-4A19-95AE-0975D223E7FE}"
EndProject
Project("{FAE04EC0-301F-11D3-BF4B-00C04F79EFBC}") = "ifm.IoTCore.MessageConverter.Json", "source\ifm.IoTCore.MessageConverter.Json\ifm.IoTCore.MessageConverter.Json.csproj", "{75A62F71-E379-4FBC-A286-B1BFDB39E04A}"
EndProject
Project("{FAE04EC0-301F-11D3-BF4B-00C04F79EFBC}") = "ifm.IoTCore.NetAdapterManager.Contracts", "source\ifm.IoTCore.NetAdapterManager.Contracts\ifm.IoTCore.NetAdapterManager.Contracts.csproj", "{B0A992CB-A082-41D7-8E42-6604C70E3184}"
EndProject
Project("{FAE04EC0-301F-11D3-BF4B-00C04F79EFBC}") = "ifm.IoTCore.Contracts", "source\ifm.IoTCore.Contracts\ifm.IoTCore.Contracts.csproj", "{8C914751-E407-4404-B763-930C4E49EBBF}"
EndProject
Global
	GlobalSection(SolutionConfigurationPlatforms) = preSolution
		Debug|Any CPU = Debug|Any CPU
		Release|Any CPU = Release|Any CPU
	EndGlobalSection
	GlobalSection(ProjectConfigurationPlatforms) = postSolution
		{679A5E37-2627-467B-BE8D-14B35A095D62}.Debug|Any CPU.ActiveCfg = Debug|Any CPU
		{679A5E37-2627-467B-BE8D-14B35A095D62}.Debug|Any CPU.Build.0 = Debug|Any CPU
		{679A5E37-2627-467B-BE8D-14B35A095D62}.Release|Any CPU.ActiveCfg = Release|Any CPU
		{679A5E37-2627-467B-BE8D-14B35A095D62}.Release|Any CPU.Build.0 = Release|Any CPU
		{2DD3C8CA-E988-4BF2-AB38-E0F6A428FEEE}.Debug|Any CPU.ActiveCfg = Debug|Any CPU
		{2DD3C8CA-E988-4BF2-AB38-E0F6A428FEEE}.Debug|Any CPU.Build.0 = Debug|Any CPU
		{2DD3C8CA-E988-4BF2-AB38-E0F6A428FEEE}.Release|Any CPU.ActiveCfg = Release|Any CPU
		{2DD3C8CA-E988-4BF2-AB38-E0F6A428FEEE}.Release|Any CPU.Build.0 = Release|Any CPU
		{8EA9F552-375D-43FB-A94A-EEB3BD8A4A7C}.Debug|Any CPU.ActiveCfg = Debug|Any CPU
		{8EA9F552-375D-43FB-A94A-EEB3BD8A4A7C}.Debug|Any CPU.Build.0 = Debug|Any CPU
		{8EA9F552-375D-43FB-A94A-EEB3BD8A4A7C}.Release|Any CPU.ActiveCfg = Release|Any CPU
		{8EA9F552-375D-43FB-A94A-EEB3BD8A4A7C}.Release|Any CPU.Build.0 = Release|Any CPU
		{62F718A0-E23A-B6E8-05A3-22E8CE7E6B31}.Debug|Any CPU.ActiveCfg = Debug|Any CPU
		{62F718A0-E23A-B6E8-05A3-22E8CE7E6B31}.Debug|Any CPU.Build.0 = Debug|Any CPU
		{62F718A0-E23A-B6E8-05A3-22E8CE7E6B31}.Release|Any CPU.ActiveCfg = Release|Any CPU
		{62F718A0-E23A-B6E8-05A3-22E8CE7E6B31}.Release|Any CPU.Build.0 = Release|Any CPU
		{5354025F-A0C7-46BD-BD74-4F4DE555E391}.Debug|Any CPU.ActiveCfg = Debug|Any CPU
		{5354025F-A0C7-46BD-BD74-4F4DE555E391}.Debug|Any CPU.Build.0 = Debug|Any CPU
		{5354025F-A0C7-46BD-BD74-4F4DE555E391}.Release|Any CPU.ActiveCfg = Release|Any CPU
		{5354025F-A0C7-46BD-BD74-4F4DE555E391}.Release|Any CPU.Build.0 = Release|Any CPU
		{4677AB8C-D160-4CD4-8D8E-CE34C579BDB5}.Debug|Any CPU.ActiveCfg = Debug|Any CPU
		{4677AB8C-D160-4CD4-8D8E-CE34C579BDB5}.Debug|Any CPU.Build.0 = Debug|Any CPU
		{4677AB8C-D160-4CD4-8D8E-CE34C579BDB5}.Release|Any CPU.ActiveCfg = Release|Any CPU
		{4677AB8C-D160-4CD4-8D8E-CE34C579BDB5}.Release|Any CPU.Build.0 = Release|Any CPU
		{89E6F1B3-D738-428D-8063-883043BEFAA9}.Debug|Any CPU.ActiveCfg = Debug|Any CPU
		{89E6F1B3-D738-428D-8063-883043BEFAA9}.Debug|Any CPU.Build.0 = Debug|Any CPU
		{89E6F1B3-D738-428D-8063-883043BEFAA9}.Release|Any CPU.ActiveCfg = Release|Any CPU
		{89E6F1B3-D738-428D-8063-883043BEFAA9}.Release|Any CPU.Build.0 = Release|Any CPU
		{77562E62-4772-4873-AEF5-660048265257}.Debug|Any CPU.ActiveCfg = Debug|Any CPU
		{77562E62-4772-4873-AEF5-660048265257}.Debug|Any CPU.Build.0 = Debug|Any CPU
		{77562E62-4772-4873-AEF5-660048265257}.Release|Any CPU.ActiveCfg = Release|Any CPU
		{77562E62-4772-4873-AEF5-660048265257}.Release|Any CPU.Build.0 = Release|Any CPU
		{E103C0B2-8797-46A3-8674-CE94E616DE1E}.Debug|Any CPU.ActiveCfg = Debug|Any CPU
		{E103C0B2-8797-46A3-8674-CE94E616DE1E}.Debug|Any CPU.Build.0 = Debug|Any CPU
		{E103C0B2-8797-46A3-8674-CE94E616DE1E}.Release|Any CPU.ActiveCfg = Release|Any CPU
		{E103C0B2-8797-46A3-8674-CE94E616DE1E}.Release|Any CPU.Build.0 = Release|Any CPU
		{A914D6DD-2CCE-4570-8471-9B04FE9B69D6}.Debug|Any CPU.ActiveCfg = Debug|Any CPU
		{A914D6DD-2CCE-4570-8471-9B04FE9B69D6}.Debug|Any CPU.Build.0 = Debug|Any CPU
		{A914D6DD-2CCE-4570-8471-9B04FE9B69D6}.Release|Any CPU.ActiveCfg = Release|Any CPU
		{A914D6DD-2CCE-4570-8471-9B04FE9B69D6}.Release|Any CPU.Build.0 = Release|Any CPU
		{F84110C9-9A30-4A19-95AE-0975D223E7FE}.Debug|Any CPU.ActiveCfg = Debug|Any CPU
		{F84110C9-9A30-4A19-95AE-0975D223E7FE}.Debug|Any CPU.Build.0 = Debug|Any CPU
		{F84110C9-9A30-4A19-95AE-0975D223E7FE}.Release|Any CPU.ActiveCfg = Release|Any CPU
		{F84110C9-9A30-4A19-95AE-0975D223E7FE}.Release|Any CPU.Build.0 = Release|Any CPU
		{75A62F71-E379-4FBC-A286-B1BFDB39E04A}.Debug|Any CPU.ActiveCfg = Debug|Any CPU
		{75A62F71-E379-4FBC-A286-B1BFDB39E04A}.Debug|Any CPU.Build.0 = Debug|Any CPU
		{75A62F71-E379-4FBC-A286-B1BFDB39E04A}.Release|Any CPU.ActiveCfg = Release|Any CPU
		{75A62F71-E379-4FBC-A286-B1BFDB39E04A}.Release|Any CPU.Build.0 = Release|Any CPU
		{B0A992CB-A082-41D7-8E42-6604C70E3184}.Debug|Any CPU.ActiveCfg = Debug|Any CPU
		{B0A992CB-A082-41D7-8E42-6604C70E3184}.Debug|Any CPU.Build.0 = Debug|Any CPU
		{B0A992CB-A082-41D7-8E42-6604C70E3184}.Release|Any CPU.ActiveCfg = Release|Any CPU
		{B0A992CB-A082-41D7-8E42-6604C70E3184}.Release|Any CPU.Build.0 = Release|Any CPU
		{8C914751-E407-4404-B763-930C4E49EBBF}.Debug|Any CPU.ActiveCfg = Debug|Any CPU
		{8C914751-E407-4404-B763-930C4E49EBBF}.Debug|Any CPU.Build.0 = Debug|Any CPU
		{8C914751-E407-4404-B763-930C4E49EBBF}.Release|Any CPU.ActiveCfg = Release|Any CPU
		{8C914751-E407-4404-B763-930C4E49EBBF}.Release|Any CPU.Build.0 = Release|Any CPU
	EndGlobalSection
	GlobalSection(SolutionProperties) = preSolution
		HideSolutionNode = FALSE
	EndGlobalSection
	GlobalSection(NestedProjects) = preSolution
		{2DD3C8CA-E988-4BF2-AB38-E0F6A428FEEE} = {2F5DE77D-0CF7-4280-B1FE-13C31941B665}
	EndGlobalSection
	GlobalSection(ExtensibilityGlobals) = postSolution
		SolutionGuid = {97B9A219-928E-4294-B8D3-4060C3351607}
	EndGlobalSection
EndGlobal
