<Solution>
  <Project Path="ifm.common/ifm.Common/ifm.Common.csproj" />
  <Project Path="ifm.datastore/ifm.DataStore.Contracts/ifm.DataStore.Contracts.csproj" />
  <Project Path="ifm.datastore/ifm.DataStore/ifm.DataStore.csproj" />
  <Project Path="ifm.IoTCore.DemoApp/ifm.IoTCore.DemoApp.csproj" Id="ecbdfe46-de23-4a8d-84d4-50334635f1e6" />
  <Project Path="ifm.iotcore.networkadapter.http/source/ifm.IoTCore.NetAdapter.Http.Client/ifm.IoTCore.NetAdapter.Http.Client.csproj" />
  <Project Path="ifm.iotcore.networkadapter.http/source/ifm.IoTCore.NetAdapter.Http.Contracts/ifm.IoTCore.NetAdapter.Http.Contracts.csproj" />
  <Project Path="ifm.iotcore.networkadapter.http/source/ifm.IoTCore.NetAdapter.Http.Profile.HttpServer/ifm.IoTCore.NetAdapter.Http.Profile.HttpServer.csproj" />
  <Project Path="ifm.iotcore.networkadapter.http/source/ifm.IoTCore.NetAdapter.Http.Server/ifm.IoTCore.NetAdapter.Http.Server.csproj" />
  <Project Path="ifm.iotcore.profile.deviceinfo/source/ifm.IoTCore.Profile.DeviceInfo/ifm.IoTCore.Profile.DeviceInfo.csproj" />
  <Project Path="ifm.iotcore.profile.devicetag/ifm.IoTCore.Profile.DeviceTag/ifm.IoTCore.Profile.DeviceTag.csproj" />
  <Project Path="ifm.iotcore/source/ifm.IoTCore.Common/ifm.IoTCore.Common.csproj" />
  <Project Path="ifm.iotcore/source/ifm.IoTCore.Contracts/ifm.IoTCore.Contracts.csproj" />
  <Project Path="ifm.iotcore/source/ifm.IoTCore.ElementManager.Contracts/ifm.IoTCore.ElementManager.Contracts.csproj" />
  <Project Path="ifm.iotcore/source/ifm.IoTCore.EventSender.Contracts/ifm.IoTCore.EventSender.Contracts.csproj" />
  <Project Path="ifm.iotcore/source/ifm.IoTCore.Message/ifm.IoTCore.Message.csproj" />
  <Project Path="ifm.iotcore/source/ifm.IoTCore.MessageConverter.Contracts/ifm.IoTCore.MessageConverter.Contracts.csproj" />
  <Project Path="ifm.iotcore/source/ifm.IoTCore.MessageConverter.Json/ifm.IoTCore.MessageConverter.Json.csproj" />
  <Project Path="ifm.iotcore/source/ifm.IoTCore.MessageDispatcher.Contracts/ifm.IoTCore.MessageDispatcher.Contracts.csproj" />
  <Project Path="ifm.iotcore/source/ifm.IoTCore.NetAdapter.Contracts/ifm.IoTCore.NetAdapter.Contracts.csproj" />
  <Project Path="ifm.iotcore/source/ifm.IoTCore.NetAdapterManager.Contracts/ifm.IoTCore.NetAdapterManager.Contracts.csproj" />
  <Project Path="ifm.iotcore/source/ifm.IoTCore.PersistenceManager.Contracts/ifm.IoTCore.PersistenceManager.Contracts.csproj" />
  <Project Path="ifm.iotcore/source/ifm.IoTCore.UserManager.Contracts/ifm.IoTCore.UserManager.Contracts.csproj" />
  <Project Path="ifm.iotcore/source/ifm.IoTCore/ifm.IoTCore.csproj" />
  <Project Path="ifm.logger/ifm.Logger.Contracts/ifm.Logger.Contracts.csproj" />
  <Project Path="ifm.logger/ifm.Logger/ifm.Logger.csproj" />
</Solution>
